// !$*UTF8*$!
{
	archiveVersion = 1;
	classes = {
	};
	objectVersion = 56;
	objects = {

/* Begin PBXBuildFile section */
		0D8EF9362AA4A04400ED214A /* AppDelegate.swift in Sources */ = {isa = PBXBuildFile; fileRef = 0D8EF9352AA4A04400ED214A /* AppDelegate.swift */; };
		0D8EF9382AA4A04400ED214A /* SceneDelegate.swift in Sources */ = {isa = PBXBuildFile; fileRef = 0D8EF9372AA4A04400ED214A /* SceneDelegate.swift */; };
		0D8EF93A2AA4A04400ED214A /* ViewController.swift in Sources */ = {isa = PBXBuildFile; fileRef = 0D8EF9392AA4A04400ED214A /* ViewController.swift */; };
		0D8EF93D2AA4A04400ED214A /* Main.storyboard in Resources */ = {isa = PBXBuildFile; fileRef = 0D8EF93B2AA4A04400ED214A /* Main.storyboard */; };
		0D8EF93F2AA4A04700ED214A /* Assets.xcassets in Resources */ = {isa = PBXBuildFile; fileRef = 0D8EF93E2AA4A04700ED214A /* Assets.xcassets */; };
		0D8EF9422AA4A04700ED214A /* LaunchScreen.storyboard in Resources */ = {isa = PBXBuildFile; fileRef = 0D8EF9402AA4A04700ED214A /* LaunchScreen.storyboard */; };
		0D8EF94D2AA4A04700ED214A /* gitConnectTests.swift in Sources */ = {isa = PBXBuildFile; fileRef = 0D8EF94C2AA4A04700ED214A /* gitConnectTests.swift */; };
		0D8EF9572AA4A04700ED214A /* gitConnectUITests.swift in Sources */ = {isa = PBXBuildFile; fileRef = 0D8EF9562AA4A04700ED214A /* gitConnectUITests.swift */; };
		0D8EF9592AA4A04700ED214A /* gitConnectUITestsLaunchTests.swift in Sources */ = {isa = PBXBuildFile; fileRef = 0D8EF9582AA4A04700ED214A /* gitConnectUITestsLaunchTests.swift */; };
/* End PBXBuildFile section */

/* Begin PBXContainerItemProxy section */
		0D8EF9492AA4A04700ED214A /* PBXContainerItemProxy */ = {
			isa = PBXContainerItemProxy;
			containerPortal = 0D8EF92A2AA4A04400ED214A /* Project object */;
			proxyType = 1;
			remoteGlobalIDString = 0D8EF9312AA4A04400ED214A;
			remoteInfo = gitConnect;
		};
		0D8EF9532AA4A04700ED214A /* PBXContainerItemProxy */ = {
			isa = PBXContainerItemProxy;
			containerPortal = 0D8EF92A2AA4A04400ED214A /* Project object */;
			proxyType = 1;
			remoteGlobalIDString = 0D8EF9312AA4A04400ED214A;
			remoteInfo = gitConnect;
		};
/* End PBXContainerItemProxy section */

/* Begin PBXFileReference section */
		0D8EF9322AA4A04400ED214A /* gitConnect.app */ = {isa = PBXFileReference; explicitFileType = wrapper.application; includeInIndex = 0; path = gitConnect.app; sourceTree = BUILT_PRODUCTS_DIR; };
		0D8EF9352AA4A04400ED214A /* AppDelegate.swift */ = {isa = PBXFileReference; lastKnownFileType = sourcecode.swift; path = AppDelegate.swift; sourceTree = "<group>"; };
		0D8EF9372AA4A04400ED214A /* SceneDelegate.swift */ = {isa = PBXFileReference; lastKnownFileType = sourcecode.swift; path = SceneDelegate.swift; sourceTree = "<group>"; };
		0D8EF9392AA4A04400ED214A /* ViewController.swift */ = {isa = PBXFileReference; lastKnownFileType = sourcecode.swift; path = ViewController.swift; sourceTree = "<group>"; };
		0D8EF93C2AA4A04400ED214A /* Base */ = {isa = PBXFileReference; lastKnownFileType = file.storyboard; name = Base; path = Base.lproj/Main.storyboard; sourceTree = "<group>"; };
		0D8EF93E2AA4A04700ED214A /* Assets.xcassets */ = {isa = PBXFileReference; lastKnownFileType = folder.assetcatalog; path = Assets.xcassets; sourceTree = "<group>"; };
		0D8EF9412AA4A04700ED214A /* Base */ = {isa = PBXFileReference; lastKnownFileType = file.storyboard; name = Base; path = Base.lproj/LaunchScreen.storyboard; sourceTree = "<group>"; };
		0D8EF9432AA4A04700ED214A /* Info.plist */ = {isa = PBXFileReference; lastKnownFileType = text.plist.xml; path = Info.plist; sourceTree = "<group>"; };
		0D8EF9482AA4A04700ED214A /* gitConnectTests.xctest */ = {isa = PBXFileReference; explicitFileType = wrapper.cfbundle; includeInIndex = 0; path = gitConnectTests.xctest; sourceTree = BUILT_PRODUCTS_DIR; };
		0D8EF94C2AA4A04700ED214A /* gitConnectTests.swift */ = {isa = PBXFileReference; lastKnownFileType = sourcecode.swift; path = gitConnectTests.swift; sourceTree = "<group>"; };
		0D8EF9522AA4A04700ED214A /* gitConnectUITests.xctest */ = {isa = PBXFileReference; explicitFileType = wrapper.cfbundle; includeInIndex = 0; path = gitConnectUITests.xctest; sourceTree = BUILT_PRODUCTS_DIR; };
		0D8EF9562AA4A04700ED214A /* gitConnectUITests.swift */ = {isa = PBXFileReference; lastKnownFileType = sourcecode.swift; path = gitConnectUITests.swift; sourceTree = "<group>"; };
		0D8EF9582AA4A04700ED214A /* gitConnectUITestsLaunchTests.swift */ = {isa = PBXFileReference; lastKnownFileType = sourcecode.swift; path = gitConnectUITestsLaunchTests.swift; sourceTree = "<group>"; };
/* End PBXFileReference section */

/* Begin PBXFrameworksBuildPhase section */
		0D8EF92F2AA4A04400ED214A /* Frameworks */ = {
			isa = PBXFrameworksBuildPhase;
			buildActionMask = 2147483647;
			files = (
			);
			runOnlyForDeploymentPostprocessing = 0;
		};
		0D8EF9452AA4A04700ED214A /* Frameworks */ = {
			isa = PBXFrameworksBuildPhase;
			buildActionMask = 2147483647;
			files = (
			);
			runOnlyForDeploymentPostprocessing = 0;
		};
		0D8EF94F2AA4A04700ED214A /* Frameworks */ = {
			isa = PBXFrameworksBuildPhase;
			buildActionMask = 2147483647;
			files = (
			);
			runOnlyForDeploymentPostprocessing = 0;
		};
/* End PBXFrameworksBuildPhase section */

/* Begin PBXGroup section */
		0D8EF9292AA4A04400ED214A = {
			isa = PBXGroup;
			children = (
				0D8EF9342AA4A04400ED214A /* gitConnect */,
				0D8EF94B2AA4A04700ED214A /* gitConnectTests */,
				0D8EF9552AA4A04700ED214A /* gitConnectUITests */,
				0D8EF9332AA4A04400ED214A /* Products */,
			);
			sourceTree = "<group>";
		};
		0D8EF9332AA4A04400ED214A /* Products */ = {
			isa = PBXGroup;
			children = (
				0D8EF9322AA4A04400ED214A /* gitConnect.app */,
				0D8EF9482AA4A04700ED214A /* gitConnectTests.xctest */,
				0D8EF9522AA4A04700ED214A /* gitConnectUITests.xctest */,
			);
			name = Products;
			sourceTree = "<group>";
		};
		0D8EF9342AA4A04400ED214A /* gitConnect */ = {
			isa = PBXGroup;
			children = (
				0D8EF9352AA4A04400ED214A /* AppDelegate.swift */,
				0D8EF9372AA4A04400ED214A /* SceneDelegate.swift */,
				0D8EF9392AA4A04400ED214A /* ViewController.swift */,
				0D8EF93B2AA4A04400ED214A /* Main.storyboard */,
				0D8EF93E2AA4A04700ED214A /* Assets.xcassets */,
				0D8EF9402AA4A04700ED214A /* LaunchScreen.storyboard */,
				0D8EF9432AA4A04700ED214A /* Info.plist */,
			);
			path = gitConnect;
			sourceTree = "<group>";
		};
		0D8EF94B2AA4A04700ED214A /* gitConnectTests */ = {
			isa = PBXGroup;
			children = (
				0D8EF94C2AA4A04700ED214A /* gitConnectTests.swift */,
			);
			path = gitConnectTests;
			sourceTree = "<group>";
		};
		0D8EF9552AA4A04700ED214A /* gitConnectUITests */ = {
			isa = PBXGroup;
			children = (
				0D8EF9562AA4A04700ED214A /* gitConnectUITests.swift */,
				0D8EF9582AA4A04700ED214A /* gitConnectUITestsLaunchTests.swift */,
			);
			path = gitConnectUITests;
			sourceTree = "<group>";
		};
/* End PBXGroup section */

/* Begin PBXNativeTarget section */
		0D8EF9312AA4A04400ED214A /* gitConnect */ = {
			isa = PBXNativeTarget;
			buildConfigurationList = 0D8EF95C2AA4A04700ED214A /* Build configuration list for PBXNativeTarget "gitConnect" */;
			buildPhases = (
				0D8EF92E2AA4A04400ED214A /* Sources */,
				0D8EF92F2AA4A04400ED214A /* Frameworks */,
				0D8EF9302AA4A04400ED214A /* Resources */,
			);
			buildRules = (
			);
			dependencies = (
			);
			name = gitConnect;
			productName = gitConnect;
			productReference = 0D8EF9322AA4A04400ED214A /* gitConnect.app */;
			productType = "com.apple.product-type.application";
		};
		0D8EF9472AA4A04700ED214A /* gitConnectTests */ = {
			isa = PBXNativeTarget;
			buildConfigurationList = 0D8EF95F2AA4A04700ED214A /* Build configuration list for PBXNativeTarget "gitConnectTests" */;
			buildPhases = (
				0D8EF9442AA4A04700ED214A /* Sources */,
				0D8EF9452AA4A04700ED214A /* Frameworks */,
				0D8EF9462AA4A04700ED214A /* Resources */,
			);
			buildRules = (
			);
			dependencies = (
				0D8EF94A2AA4A04700ED214A /* PBXTargetDependency */,
			);
			name = gitConnectTests;
			productName = gitConnectTests;
			productReference = 0D8EF9482AA4A04700ED214A /* gitConnectTests.xctest */;
			productType = "com.apple.product-type.bundle.unit-test";
		};
		0D8EF9512AA4A04700ED214A /* gitConnectUITests */ = {
			isa = PBXNativeTarget;
			buildConfigurationList = 0D8EF9622AA4A04700ED214A /* Build configuration list for PBXNativeTarget "gitConnectUITests" */;
			buildPhases = (
				0D8EF94E2AA4A04700ED214A /* Sources */,
				0D8EF94F2AA4A04700ED214A /* Frameworks */,
				0D8EF9502AA4A04700ED214A /* Resources */,
			);
			buildRules = (
			);
			dependencies = (
				0D8EF9542AA4A04700ED214A /* PBXTargetDependency */,
			);
			name = gitConnectUITests;
			productName = gitConnectUITests;
			productReference = 0D8EF9522AA4A04700ED214A /* gitConnectUITests.xctest */;
			productType = "com.apple.product-type.bundle.ui-testing";
		};
/* End PBXNativeTarget section */

/* Begin PBXProject section */
		0D8EF92A2AA4A04400ED214A /* Project object */ = {
			isa = PBXProject;
			attributes = {
				BuildIndependentTargetsInParallel = 1;
				LastSwiftUpdateCheck = 1430;
				LastUpgradeCheck = 1430;
				TargetAttributes = {
					0D8EF9312AA4A04400ED214A = {
						CreatedOnToolsVersion = 14.3.1;
					};
					0D8EF9472AA4A04700ED214A = {
						CreatedOnToolsVersion = 14.3.1;
						TestTargetID = 0D8EF9312AA4A04400ED214A;
					};
					0D8EF9512AA4A04700ED214A = {
						CreatedOnToolsVersion = 14.3.1;
						TestTargetID = 0D8EF9312AA4A04400ED214A;
					};
				};
			};
			buildConfigurationList = 0D8EF92D2AA4A04400ED214A /* Build configuration list for PBXProject "gitConnect" */;
			compatibilityVersion = "Xcode 14.0";
			developmentRegion = en;
			hasScannedForEncodings = 0;
			knownRegions = (
				en,
				Base,
			);
			mainGroup = 0D8EF9292AA4A04400ED214A;
			productRefGroup = 0D8EF9332AA4A04400ED214A /* Products */;
			projectDirPath = "";
			projectRoot = "";
			targets = (
				0D8EF9312AA4A04400ED214A /* gitConnect */,
				0D8EF9472AA4A04700ED214A /* gitConnectTests */,
				0D8EF9512AA4A04700ED214A /* gitConnectUITests */,
			);
		};
/* End PBXProject section */

/* Begin PBXResourcesBuildPhase section */
		0D8EF9302AA4A04400ED214A /* Resources */ = {
			isa = PBXResourcesBuildPhase;
			buildActionMask = 2147483647;
			files = (
				0D8EF9422AA4A04700ED214A /* LaunchScreen.storyboard in Resources */,
				0D8EF93F2AA4A04700ED214A /* Assets.xcassets in Resources */,
				0D8EF93D2AA4A04400ED214A /* Main.storyboard in Resources */,
			);
			runOnlyForDeploymentPostprocessing = 0;
		};
		0D8EF9462AA4A04700ED214A /* Resources */ = {
			isa = PBXResourcesBuildPhase;
			buildActionMask = 2147483647;
			files = (
			);
			runOnlyForDeploymentPostprocessing = 0;
		};
		0D8EF9502AA4A04700ED214A /* Resources */ = {
			isa = PBXResourcesBuildPhase;
			buildActionMask = 2147483647;
			files = (
			);
			runOnlyForDeploymentPostprocessing = 0;
		};
/* End PBXResourcesBuildPhase section */

/* Begin PBXSourcesBuildPhase section */
		0D8EF92E2AA4A04400ED214A /* Sources */ = {
			isa = PBXSourcesBuildPhase;
			buildActionMask = 2147483647;
			files = (
				0D8EF93A2AA4A04400ED214A /* ViewController.swift in Sources */,
				0D8EF9362AA4A04400ED214A /* AppDelegate.swift in Sources */,
				0D8EF9382AA4A04400ED214A /* SceneDelegate.swift in Sources */,
			);
			runOnlyForDeploymentPostprocessing = 0;
		};
		0D8EF9442AA4A04700ED214A /* Sources */ = {
			isa = PBXSourcesBuildPhase;
			buildActionMask = 2147483647;
			files = (
				0D8EF94D2AA4A04700ED214A /* gitConnectTests.swift in Sources */,
			);
			runOnlyForDeploymentPostprocessing = 0;
		};
		0D8EF94E2AA4A04700ED214A /* Sources */ = {
			isa = PBXSourcesBuildPhase;
			buildActionMask = 2147483647;
			files = (
				0D8EF9592AA4A04700ED214A /* gitConnectUITestsLaunchTests.swift in Sources */,
				0D8EF9572AA4A04700ED214A /* gitConnectUITests.swift in Sources */,
			);
			runOnlyForDeploymentPostprocessing = 0;
		};
/* End PBXSourcesBuildPhase section */

/* Begin PBXTargetDependency section */
		0D8EF94A2AA4A04700ED214A /* PBXTargetDependency */ = {
			isa = PBXTargetDependency;
			target = 0D8EF9312AA4A04400ED214A /* gitConnect */;
			targetProxy = 0D8EF9492AA4A04700ED214A /* PBXContainerItemProxy */;
		};
		0D8EF9542AA4A04700ED214A /* PBXTargetDependency */ = {
			isa = PBXTargetDependency;
			target = 0D8EF9312AA4A04400ED214A /* gitConnect */;
			targetProxy = 0D8EF9532AA4A04700ED214A /* PBXContainerItemProxy */;
		};
/* End PBXTargetDependency section */

/* Begin PBXVariantGroup section */
		0D8EF93B2AA4A04400ED214A /* Main.storyboard */ = {
			isa = PBXVariantGroup;
			children = (
				0D8EF93C2AA4A04400ED214A /* Base */,
			);
			name = Main.storyboard;
			sourceTree = "<group>";
		};
		0D8EF9402AA4A04700ED214A /* LaunchScreen.storyboard */ = {
			isa = PBXVariantGroup;
			children = (
				0D8EF9412AA4A04700ED214A /* Base */,
			);
			name = LaunchScreen.storyboard;
			sourceTree = "<group>";
		};
/* End PBXVariantGroup section */

/* Begin XCBuildConfiguration section */
		0D8EF95A2AA4A04700ED214A /* Debug */ = {
			isa = XCBuildConfiguration;
			buildSettings = {
				ALWAYS_SEARCH_USER_PATHS = NO;
				CLANG_ANALYZER_NONNULL = YES;
				CLANG_ANALYZER_NUMBER_OBJECT_CONVERSION = YES_AGGRESSIVE;
				CLANG_CXX_LANGUAGE_STANDARD = "gnu++20";
				CLANG_ENABLE_MODULES = YES;
				CLANG_ENABLE_OBJC_ARC = YES;
				CLANG_ENABLE_OBJC_WEAK = YES;
				CLANG_WARN_BLOCK_CAPTURE_AUTORELEASING = YES;
				CLANG_WARN_BOOL_CONVERSION = YES;
				CLANG_WARN_COMMA = YES;
				CLANG_WARN_CONSTANT_CONVERSION = YES;
				CLANG_WARN_DEPRECATED_OBJC_IMPLEMENTATIONS = YES;
				CLANG_WARN_DIRECT_OBJC_ISA_USAGE = YES_ERROR;
				CLANG_WARN_DOCUMENTATION_COMMENTS = YES;
				CLANG_WARN_EMPTY_BODY = YES;
				CLANG_WARN_ENUM_CONVERSION = YES;
				CLANG_WARN_INFINITE_RECURSION = YES;
				CLANG_WARN_INT_CONVERSION = YES;
				CLANG_WARN_NON_LITERAL_NULL_CONVERSION = YES;
				CLANG_WARN_OBJC_IMPLICIT_RETAIN_SELF = YES;
				CLANG_WARN_OBJC_LITERAL_CONVERSION = YES;
				CLANG_WARN_OBJC_ROOT_CLASS = YES_ERROR;
				CLANG_WARN_QUOTED_INCLUDE_IN_FRAMEWORK_HEADER = YES;
				CLANG_WARN_RANGE_LOOP_ANALYSIS = YES;
				CLANG_WARN_STRICT_PROTOTYPES = YES;
				CLANG_WARN_SUSPICIOUS_MOVE = YES;
				CLANG_WARN_UNGUARDED_AVAILABILITY = YES_AGGRESSIVE;
				CLANG_WARN_UNREACHABLE_CODE = YES;
				CLANG_WARN__DUPLICATE_METHOD_MATCH = YES;
				COPY_PHASE_STRIP = NO;
				DEBUG_INFORMATION_FORMAT = dwarf;
				ENABLE_STRICT_OBJC_MSGSEND = YES;
				ENABLE_TESTABILITY = YES;
				GCC_C_LANGUAGE_STANDARD = gnu11;
				GCC_DYNAMIC_NO_PIC = NO;
				GCC_NO_COMMON_BLOCKS = YES;
				GCC_OPTIMIZATION_LEVEL = 0;
				GCC_PREPROCESSOR_DEFINITIONS = (
					"DEBUG=1",
					"$(inherited)",
				);
				GCC_WARN_64_TO_32_BIT_CONVERSION = YES;
				GCC_WARN_ABOUT_RETURN_TYPE = YES_ERROR;
				GCC_WARN_UNDECLARED_SELECTOR = YES;
				GCC_WARN_UNINITIALIZED_AUTOS = YES_AGGRESSIVE;
				GCC_WARN_UNUSED_FUNCTION = YES;
				GCC_WARN_UNUSED_VARIABLE = YES;
				IPHONEOS_DEPLOYMENT_TARGET = 16.4;
				MTL_ENABLE_DEBUG_INFO = INCLUDE_SOURCE;
				MTL_FAST_MATH = YES;
				ONLY_ACTIVE_ARCH = YES;
				SDKROOT = iphoneos;
				SWIFT_ACTIVE_COMPILATION_CONDITIONS = DEBUG;
				SWIFT_OPTIMIZATION_LEVEL = "-Onone";
			};
			name = Debug;
		};
		0D8EF95B2AA4A04700ED214A /* Release */ = {
			isa = XCBuildConfiguration;
			buildSettings = {
				ALWAYS_SEARCH_USER_PATHS = NO;
				CLANG_ANALYZER_NONNULL = YES;
				CLANG_ANALYZER_NUMBER_OBJECT_CONVERSION = YES_AGGRESSIVE;
				CLANG_CXX_LANGUAGE_STANDARD = "gnu++20";
				CLANG_ENABLE_MODULES = YES;
				CLANG_ENABLE_OBJC_ARC = YES;
				CLANG_ENABLE_OBJC_WEAK = YES;
				CLANG_WARN_BLOCK_CAPTURE_AUTORELEASING = YES;
				CLANG_WARN_BOOL_CONVERSION = YES;
				CLANG_WARN_COMMA = YES;
				CLANG_WARN_CONSTANT_CONVERSION = YES;
				CLANG_WARN_DEPRECATED_OBJC_IMPLEMENTATIONS = YES;
				CLANG_WARN_DIRECT_OBJC_ISA_USAGE = YES_ERROR;
				CLANG_WARN_DOCUMENTATION_COMMENTS = YES;
				CLANG_WARN_EMPTY_BODY = YES;
				CLANG_WARN_ENUM_CONVERSION = YES;
				CLANG_WARN_INFINITE_RECURSION = YES;
				CLANG_WARN_INT_CONVERSION = YES;
				CLANG_WARN_NON_LITERAL_NULL_CONVERSION = YES;
				CLANG_WARN_OBJC_IMPLICIT_RETAIN_SELF = YES;
				CLANG_WARN_OBJC_LITERAL_CONVERSION = YES;
				CLANG_WARN_OBJC_ROOT_CLASS = YES_ERROR;
				CLANG_WARN_QUOTED_INCLUDE_IN_FRAMEWORK_HEADER = YES;
				CLANG_WARN_RANGE_LOOP_ANALYSIS = YES;
				CLANG_WARN_STRICT_PROTOTYPES = YES;
				CLANG_WARN_SUSPICIOUS_MOVE = YES;
				CLANG_WARN_UNGUARDED_AVAILABILITY = YES_AGGRESSIVE;
				CLANG_WARN_UNREACHABLE_CODE = YES;
				CLANG_WARN__DUPLICATE_METHOD_MATCH = YES;
				COPY_PHASE_STRIP = NO;
				DEBUG_INFORMATION_FORMAT = "dwarf-with-dsym";
				ENABLE_NS_ASSERTIONS = NO;
				ENABLE_STRICT_OBJC_MSGSEND = YES;
				GCC_C_LANGUAGE_STANDARD = gnu11;
				GCC_NO_COMMON_BLOCKS = YES;
				GCC_WARN_64_TO_32_BIT_CONVERSION = YES;
				GCC_WARN_ABOUT_RETURN_TYPE = YES_ERROR;
				GCC_WARN_UNDECLARED_SELECTOR = YES;
				GCC_WARN_UNINITIALIZED_AUTOS = YES_AGGRESSIVE;
				GCC_WARN_UNUSED_FUNCTION = YES;
				GCC_WARN_UNUSED_VARIABLE = YES;
				IPHONEOS_DEPLOYMENT_TARGET = 16.4;
				MTL_ENABLE_DEBUG_INFO = NO;
				MTL_FAST_MATH = YES;
				SDKROOT = iphoneos;
				SWIFT_COMPILATION_MODE = wholemodule;
				SWIFT_OPTIMIZATION_LEVEL = "-O";
				VALIDATE_PRODUCT = YES;
			};
			name = Release;
		};
		0D8EF95D2AA4A04700ED214A /* Debug */ = {
			isa = XCBuildConfiguration;
			buildSettings = {
				ASSETCATALOG_COMPILER_APPICON_NAME = AppIcon;
				ASSETCATALOG_COMPILER_GLOBAL_ACCENT_COLOR_NAME = AccentColor;
				CODE_SIGN_STYLE = Automatic;
				CURRENT_PROJECT_VERSION = 1;
				DEVELOPMENT_TEAM = M3U3F43AYT;
				GENERATE_INFOPLIST_FILE = YES;
				INFOPLIST_FILE = gitConnect/Info.plist;
				INFOPLIST_KEY_UIApplicationSupportsIndirectInputEvents = YES;
				INFOPLIST_KEY_UILaunchStoryboardName = LaunchScreen;
				INFOPLIST_KEY_UIMainStoryboardFile = Main;
				INFOPLIST_KEY_UISupportedInterfaceOrientations_iPad = "UIInterfaceOrientationPortrait UIInterfaceOrientationPortraitUpsideDown UIInterfaceOrientationLandscapeLeft UIInterfaceOrientationLandscapeRight";
				INFOPLIST_KEY_UISupportedInterfaceOrientations_iPhone = "UIInterfaceOrientationPortrait UIInterfaceOrientationLandscapeLeft UIInterfaceOrientationLandscapeRight";
				IPHONEOS_DEPLOYMENT_TARGET = 15.5;
				LD_RUNPATH_SEARCH_PATHS = (
					"$(inherited)",
					"@executable_path/Frameworks",
				);
				MARKETING_VERSION = 1.0;
				PRODUCT_BUNDLE_IDENTIFIER = com.tenten.gitConnect;
				PRODUCT_NAME = "$(TARGET_NAME)";
				SWIFT_EMIT_LOC_STRINGS = YES;
				SWIFT_VERSION = 5.0;
				TARGETED_DEVICE_FAMILY = "1,2";
			};
			name = Debug;
		};
		0D8EF95E2AA4A04700ED214A /* Release */ = {
			isa = XCBuildConfiguration;
			buildSettings = {
				ASSETCATALOG_COMPILER_APPICON_NAME = AppIcon;
				ASSETCATALOG_COMPILER_GLOBAL_ACCENT_COLOR_NAME = AccentColor;
				CODE_SIGN_STYLE = Automatic;
				CURRENT_PROJECT_VERSION = 1;
				DEVELOPMENT_TEAM = M3U3F43AYT;
				GENERATE_INFOPLIST_FILE = YES;
				INFOPLIST_FILE = gitConnect/Info.plist;
				INFOPLIST_KEY_UIApplicationSupportsIndirectInputEvents = YES;
				INFOPLIST_KEY_UILaunchStoryboardName = LaunchScreen;
				INFOPLIST_KEY_UIMainStoryboardFile = Main;
				INFOPLIST_KEY_UISupportedInterfaceOrientations_iPad = "UIInterfaceOrientationPortrait UIInterfaceOrientationPortraitUpsideDown UIInterfaceOrientationLandscapeLeft UIInterfaceOrientationLandscapeRight";
				INFOPLIST_KEY_UISupportedInterfaceOrientations_iPhone = "UIInterfaceOrientationPortrait UIInterfaceOrientationLandscapeLeft UIInterfaceOrientationLandscapeRight";
				IPHONEOS_DEPLOYMENT_TARGET = 15.5;
				LD_RUNPATH_SEARCH_PATHS = (
					"$(inherited)",
					"@executable_path/Frameworks",
				);
				MARKETING_VERSION = 1.0;
				PRODUCT_BUNDLE_IDENTIFIER = com.tenten.gitConnect;
				PRODUCT_NAME = "$(TARGET_NAME)";
				SWIFT_EMIT_LOC_STRINGS = YES;
				SWIFT_VERSION = 5.0;
				TARGETED_DEVICE_FAMILY = "1,2";
			};
			name = Release;
		};
		0D8EF9602AA4A04700ED214A /* Debug */ = {
			isa = XCBuildConfiguration;
			buildSettings = {
				ALWAYS_EMBED_SWIFT_STANDARD_LIBRARIES = YES;
				BUNDLE_LOADER = "$(TEST_HOST)";
				CODE_SIGN_STYLE = Automatic;
				CURRENT_PROJECT_VERSION = 1;
				DEVELOPMENT_TEAM = M3U3F43AYT;
				GENERATE_INFOPLIST_FILE = YES;
				IPHONEOS_DEPLOYMENT_TARGET = 16.4;
				MARKETING_VERSION = 1.0;
				PRODUCT_BUNDLE_IDENTIFIER = com.tenten.gitConnectTests;
				PRODUCT_NAME = "$(TARGET_NAME)";
				SWIFT_EMIT_LOC_STRINGS = NO;
				SWIFT_VERSION = 5.0;
				TARGETED_DEVICE_FAMILY = "1,2";
				TEST_HOST = "$(BUILT_PRODUCTS_DIR)/gitConnect.app/$(BUNDLE_EXECUTABLE_FOLDER_PATH)/gitConnect";
			};
			name = Debug;
		};
		0D8EF9612AA4A04700ED214A /* Release */ = {
			isa = XCBuildConfiguration;
			buildSettings = {
				ALWAYS_EMBED_SWIFT_STANDARD_LIBRARIES = YES;
				BUNDLE_LOADER = "$(TEST_HOST)";
				CODE_SIGN_STYLE = Automatic;
				CURRENT_PROJECT_VERSION = 1;
				DEVELOPMENT_TEAM = M3U3F43AYT;
				GENERATE_INFOPLIST_FILE = YES;
				IPHONEOS_DEPLOYMENT_TARGET = 16.4;
				MARKETING_VERSION = 1.0;
				PRODUCT_BUNDLE_IDENTIFIER = com.tenten.gitConnectTests;
				PRODUCT_NAME = "$(TARGET_NAME)";
				SWIFT_EMIT_LOC_STRINGS = NO;
				SWIFT_VERSION = 5.0;
				TARGETED_DEVICE_FAMILY = "1,2";
				TEST_HOST = "$(BUILT_PRODUCTS_DIR)/gitConnect.app/$(BUNDLE_EXECUTABLE_FOLDER_PATH)/gitConnect";
			};
			name = Release;
		};
		0D8EF9632AA4A04700ED214A /* Debug */ = {
			isa = XCBuildConfiguration;
			buildSettings = {
				ALWAYS_EMBED_SWIFT_STANDARD_LIBRARIES = YES;
				CODE_SIGN_STYLE = Automatic;
				CURRENT_PROJECT_VERSION = 1;
				DEVELOPMENT_TEAM = M3U3F43AYT;
				GENERATE_INFOPLIST_FILE = YES;
				MARKETING_VERSION = 1.0;
				PRODUCT_BUNDLE_IDENTIFIER = com.tenten.gitConnectUITests;
				PRODUCT_NAME = "$(TARGET_NAME)";
				SWIFT_EMIT_LOC_STRINGS = NO;
				SWIFT_VERSION = 5.0;
				TARGETED_DEVICE_FAMILY = "1,2";
				TEST_TARGET_NAME = gitConnect;
			};
			name = Debug;
		};
		0D8EF9642AA4A04700ED214A /* Release */ = {
			isa = XCBuildConfiguration;
			buildSettings = {
				ALWAYS_EMBED_SWIFT_STANDARD_LIBRARIES = YES;
				CODE_SIGN_STYLE = Automatic;
				CURRENT_PROJECT_VERSION = 1;
				DEVELOPMENT_TEAM = M3U3F43AYT;
				GENERATE_INFOPLIST_FILE = YES;
				MARKETING_VERSION = 1.0;
				PRODUCT_BUNDLE_IDENTIFIER = com.tenten.gitConnectUITests;
				PRODUCT_NAME = "$(TARGET_NAME)";
				SWIFT_EMIT_LOC_STRINGS = NO;
				SWIFT_VERSION = 5.0;
				TARGETED_DEVICE_FAMILY = "1,2";
				TEST_TARGET_NAME = gitConnect;
			};
			name = Release;
		};
/* End XCBuildConfiguration section */

/* Begin XCConfigurationList section */
		0D8EF92D2AA4A04400ED214A /* Build configuration list for PBXProject "gitConnect" */ = {
			isa = XCConfigurationList;
			buildConfigurations = (
				0D8EF95A2AA4A04700ED214A /* Debug */,
				0D8EF95B2AA4A04700ED214A /* Release */,
			);
			defaultConfigurationIsVisible = 0;
			defaultConfigurationName = Release;
		};
		0D8EF95C2AA4A04700ED214A /* Build configuration list for PBXNativeTarget "gitConnect" */ = {
			isa = XCConfigurationList;
			buildConfigurations = (
				0D8EF95D2AA4A04700ED214A /* Debug */,
				0D8EF95E2AA4A04700ED214A /* Release */,
			);
			defaultConfigurationIsVisible = 0;
			defaultConfigurationName = Release;
		};
		0D8EF95F2AA4A04700ED214A /* Build configuration list for PBXNativeTarget "gitConnectTests" */ = {
			isa = XCConfigurationList;
			buildConfigurations = (
				0D8EF9602AA4A04700ED214A /* Debug */,
				0D8EF9612AA4A04700ED214A /* Release */,
			);
			defaultConfigurationIsVisible = 0;
			defaultConfigurationName = Release;
		};
		0D8EF9622AA4A04700ED214A /* Build configuration list for PBXNativeTarget "gitConnectUITests" */ = {
			isa = XCConfigurationList;
			buildConfigurations = (
				0D8EF9632AA4A04700ED214A /* Debug */,
				0D8EF9642AA4A04700ED214A /* Release */,
			);
			defaultConfigurationIsVisible = 0;
			defaultConfigurationName = Release;
		};
/* End XCConfigurationList section */
	};
	rootObject = 0D8EF92A2AA4A04400ED214A /* Project object */;
}
